
Microsoft Visual Studio Solution File, Format Version 12.00
# Visual Studio Version 17
VisualStudioVersion = 17.14.37012.4 d17.14
MinimumVisualStudioVersion = 10.0.40219.1
Project("{8BC9CEB8-8B4A-11D0-8D11-00A0C91BC942}") = "Operator_Overload_Lab", "Operator_Overload_Lab\Operator_Overload_Lab.vcxproj", "{05A2571B-EB2D-41A4-B060-FB12EB08AA35}"
EndProject
Global
	GlobalSection(SolutionConfigurationPlatforms) = preSolution
		Debug|x64 = Debug|x64
		Debug|x86 = Debug|x86
		Release|x64 = Release|x64
		Release|x86 = Release|x86
	EndGlobalSection
	GlobalSection(ProjectConfigurationPlatforms) = postSolution
		{05A2571B-EB2D-41A4-B060-FB12EB08AA35}.Debug|x64.ActiveCfg = Debug|x64
		{05A2571B-EB2D-41A4-B060-FB12EB08AA35}.Debug|x64.Build.0 = Debug|x64
		{05A2571B-EB2D-41A4-B060-FB12EB08AA35}.Debug|x86.ActiveCfg = Debug|Win32
		{05A2571B-EB2D-41A4-B060-FB12EB08AA35}.Debug|x86.Build.0 = Debug|Win32
		{05A2571B-EB2D-41A4-B060-FB12EB08AA35}.Release|x64.ActiveCfg = Release|x64
		{05A2571B-EB2D-41A4-B060-FB12EB08AA35}.Release|x64.Build.0 = Release|x64
		{05A2571B-EB2D-41A4-B060-FB12EB08AA35}.Release|x86.ActiveCfg = Release|Win32
		{05A2571B-EB2D-41A4-B060-FB12EB08AA35}.Release|x86.Build.0 = Release|Win32
	EndGlobalSection
	GlobalSection(SolutionProperties) = preSolution
		HideSolutionNode = FALSE
	EndGlobalSection
	GlobalSection(ExtensibilityGlobals) = postSolution
		SolutionGuid = {B594187F-DD4D-4E82-9AAF-FD0D287537A1}
	EndGlobalSection
EndGlobal
